// !$*UTF8*$!
{
	archiveVersion = 1;
	classes = {
	};
	objectVersion = 56;
	objects = {

/* Begin PBXBuildFile section */
		BFB8EA3E915C980188C2BEE9 /* Pods_WeatherApp_Aston.framework in Frameworks */ = {isa = PBXBuildFile; fileRef = 359714E6727D6FE13C04FE37 /* Pods_WeatherApp_Aston.framework */; };
		F81DA23E2BA86D42009C4B17 /* WeatherViewModel.swift in Sources */ = {isa = PBXBuildFile; fileRef = F81DA23D2BA86D42009C4B17 /* WeatherViewModel.swift */; };
		F81DA2402BA8754B009C4B17 /* WeatherView.swift in Sources */ = {isa = PBXBuildFile; fileRef = F81DA23F2BA8754B009C4B17 /* WeatherView.swift */; };
		F836783D2BA6F93A00372C3D /* AppDelegate.swift in Sources */ = {isa = PBXBuildFile; fileRef = F836783C2BA6F93A00372C3D /* AppDelegate.swift */; };
		F836783F2BA6F93A00372C3D /* SceneDelegate.swift in Sources */ = {isa = PBXBuildFile; fileRef = F836783E2BA6F93A00372C3D /* SceneDelegate.swift */; };
		F83678412BA6F93A00372C3D /* WeatherViewController.swift in Sources */ = {isa = PBXBuildFile; fileRef = F83678402BA6F93A00372C3D /* WeatherViewController.swift */; };
		F83678462BA6F93C00372C3D /* Assets.xcassets in Resources */ = {isa = PBXBuildFile; fileRef = F83678452BA6F93C00372C3D /* Assets.xcassets */; };
		F83678492BA6F93C00372C3D /* Base in Resources */ = {isa = PBXBuildFile; fileRef = F83678482BA6F93C00372C3D /* Base */; };
		F83678542BA6FFA600372C3D /* AppConstants.swift in Sources */ = {isa = PBXBuildFile; fileRef = F83678532BA6FFA600372C3D /* AppConstants.swift */; };
		F83678562BA6FFB900372C3D /* Fonts.swift in Sources */ = {isa = PBXBuildFile; fileRef = F83678552BA6FFB900372C3D /* Fonts.swift */; };
		F83678582BA6FFDD00372C3D /* Assets.swift in Sources */ = {isa = PBXBuildFile; fileRef = F83678572BA6FFDD00372C3D /* Assets.swift */; };
		F836785B2BA7060600372C3D /* String+extension.swift in Sources */ = {isa = PBXBuildFile; fileRef = F836785A2BA7060600372C3D /* String+extension.swift */; };
		F836785E2BA72D5500372C3D /* NetworkService.swift in Sources */ = {isa = PBXBuildFile; fileRef = F836785D2BA72D5500372C3D /* NetworkService.swift */; };
		F83717E32BAB01CC006171CC /* ForecastResponse.swift in Sources */ = {isa = PBXBuildFile; fileRef = F83717E22BAB01CC006171CC /* ForecastResponse.swift */; };
		F83717E62BAB7047006171CC /* ForecastTableViewCell.swift in Sources */ = {isa = PBXBuildFile; fileRef = F83717E52BAB7047006171CC /* ForecastTableViewCell.swift */; };
		F83717EB2BAB7707006171CC /* ForecastTableViewCellModel.swift in Sources */ = {isa = PBXBuildFile; fileRef = F83717EA2BAB7707006171CC /* ForecastTableViewCellModel.swift */; };
		F854615A2BAA2F38005220F0 /* LocationService.swift in Sources */ = {isa = PBXBuildFile; fileRef = F85461592BAA2F37005220F0 /* LocationService.swift */; };
		F867D3A12BA84E310006C667 /* WeatherResponse.swift in Sources */ = {isa = PBXBuildFile; fileRef = F867D3A02BA84E310006C667 /* WeatherResponse.swift */; };
		F878CEBA2BADB7F10044F40E /* Bindable.swift in Sources */ = {isa = PBXBuildFile; fileRef = F878CEB92BADB7F10044F40E /* Bindable.swift */; };
		F878CEBC2BADFB5E0044F40E /* CitiesResponse.swift in Sources */ = {isa = PBXBuildFile; fileRef = F878CEBB2BADFB5E0044F40E /* CitiesResponse.swift */; };
		F878CEBF2BAE0BB30044F40E /* SearchTableViewCell.swift in Sources */ = {isa = PBXBuildFile; fileRef = F878CEBE2BAE0BB30044F40E /* SearchTableViewCell.swift */; };
		F878CEC22BAE0D100044F40E /* CityTableViewCellModel.swift in Sources */ = {isa = PBXBuildFile; fileRef = F878CEC12BAE0D100044F40E /* CityTableViewCellModel.swift */; };
/* End PBXBuildFile section */

/* Begin PBXFileReference section */
		0761EEA0DF9EDBDF797E5612 /* Pods-WeatherApp-Aston.debug.xcconfig */ = {isa = PBXFileReference; includeInIndex = 1; lastKnownFileType = text.xcconfig; name = "Pods-WeatherApp-Aston.debug.xcconfig"; path = "Target Support Files/Pods-WeatherApp-Aston/Pods-WeatherApp-Aston.debug.xcconfig"; sourceTree = "<group>"; };
		359714E6727D6FE13C04FE37 /* Pods_WeatherApp_Aston.framework */ = {isa = PBXFileReference; explicitFileType = wrapper.framework; includeInIndex = 0; path = Pods_WeatherApp_Aston.framework; sourceTree = BUILT_PRODUCTS_DIR; };
		54C0EFB966FEA3506A92E777 /* Pods-WeatherApp-Aston.release.xcconfig */ = {isa = PBXFileReference; includeInIndex = 1; lastKnownFileType = text.xcconfig; name = "Pods-WeatherApp-Aston.release.xcconfig"; path = "Target Support Files/Pods-WeatherApp-Aston/Pods-WeatherApp-Aston.release.xcconfig"; sourceTree = "<group>"; };
		F81DA23D2BA86D42009C4B17 /* WeatherViewModel.swift */ = {isa = PBXFileReference; lastKnownFileType = sourcecode.swift; path = WeatherViewModel.swift; sourceTree = "<group>"; };
		F81DA23F2BA8754B009C4B17 /* WeatherView.swift */ = {isa = PBXFileReference; lastKnownFileType = sourcecode.swift; path = WeatherView.swift; sourceTree = "<group>"; };
		F83678392BA6F93A00372C3D /* WeatherApp-Aston.app */ = {isa = PBXFileReference; explicitFileType = wrapper.application; includeInIndex = 0; path = "WeatherApp-Aston.app"; sourceTree = BUILT_PRODUCTS_DIR; };
		F836783C2BA6F93A00372C3D /* AppDelegate.swift */ = {isa = PBXFileReference; lastKnownFileType = sourcecode.swift; path = AppDelegate.swift; sourceTree = "<group>"; };
		F836783E2BA6F93A00372C3D /* SceneDelegate.swift */ = {isa = PBXFileReference; lastKnownFileType = sourcecode.swift; path = SceneDelegate.swift; sourceTree = "<group>"; };
		F83678402BA6F93A00372C3D /* WeatherViewController.swift */ = {isa = PBXFileReference; lastKnownFileType = sourcecode.swift; path = WeatherViewController.swift; sourceTree = "<group>"; };
		F83678452BA6F93C00372C3D /* Assets.xcassets */ = {isa = PBXFileReference; lastKnownFileType = folder.assetcatalog; path = Assets.xcassets; sourceTree = "<group>"; };
		F83678482BA6F93C00372C3D /* Base */ = {isa = PBXFileReference; lastKnownFileType = file.storyboard; name = Base; path = Base.lproj/LaunchScreen.storyboard; sourceTree = "<group>"; };
		F836784A2BA6F93C00372C3D /* Info.plist */ = {isa = PBXFileReference; lastKnownFileType = text.plist.xml; path = Info.plist; sourceTree = "<group>"; };
		F83678532BA6FFA600372C3D /* AppConstants.swift */ = {isa = PBXFileReference; lastKnownFileType = sourcecode.swift; path = AppConstants.swift; sourceTree = "<group>"; };
		F83678552BA6FFB900372C3D /* Fonts.swift */ = {isa = PBXFileReference; lastKnownFileType = sourcecode.swift; path = Fonts.swift; sourceTree = "<group>"; };
		F83678572BA6FFDD00372C3D /* Assets.swift */ = {isa = PBXFileReference; lastKnownFileType = sourcecode.swift; path = Assets.swift; sourceTree = "<group>"; };
		F836785A2BA7060600372C3D /* String+extension.swift */ = {isa = PBXFileReference; lastKnownFileType = sourcecode.swift; path = "String+extension.swift"; sourceTree = "<group>"; };
		F836785D2BA72D5500372C3D /* NetworkService.swift */ = {isa = PBXFileReference; lastKnownFileType = sourcecode.swift; path = NetworkService.swift; sourceTree = "<group>"; };
		F83717E22BAB01CC006171CC /* ForecastResponse.swift */ = {isa = PBXFileReference; lastKnownFileType = sourcecode.swift; path = ForecastResponse.swift; sourceTree = "<group>"; };
		F83717E52BAB7047006171CC /* ForecastTableViewCell.swift */ = {isa = PBXFileReference; lastKnownFileType = sourcecode.swift; path = ForecastTableViewCell.swift; sourceTree = "<group>"; };
		F83717EA2BAB7707006171CC /* ForecastTableViewCellModel.swift */ = {isa = PBXFileReference; lastKnownFileType = sourcecode.swift; path = ForecastTableViewCellModel.swift; sourceTree = "<group>"; };
		F85461592BAA2F37005220F0 /* LocationService.swift */ = {isa = PBXFileReference; lastKnownFileType = sourcecode.swift; path = LocationService.swift; sourceTree = "<group>"; };
		F867D3A02BA84E310006C667 /* WeatherResponse.swift */ = {isa = PBXFileReference; lastKnownFileType = sourcecode.swift; path = WeatherResponse.swift; sourceTree = "<group>"; };
		F878CEB92BADB7F10044F40E /* Bindable.swift */ = {isa = PBXFileReference; lastKnownFileType = sourcecode.swift; path = Bindable.swift; sourceTree = "<group>"; };
		F878CEBB2BADFB5E0044F40E /* CitiesResponse.swift */ = {isa = PBXFileReference; lastKnownFileType = sourcecode.swift; path = CitiesResponse.swift; sourceTree = "<group>"; };
		F878CEBE2BAE0BB30044F40E /* SearchTableViewCell.swift */ = {isa = PBXFileReference; lastKnownFileType = sourcecode.swift; path = SearchTableViewCell.swift; sourceTree = "<group>"; };
		F878CEC12BAE0D100044F40E /* CityTableViewCellModel.swift */ = {isa = PBXFileReference; lastKnownFileType = sourcecode.swift; path = CityTableViewCellModel.swift; sourceTree = "<group>"; };
/* End PBXFileReference section */

/* Begin PBXFrameworksBuildPhase section */
		F83678362BA6F93A00372C3D /* Frameworks */ = {
			isa = PBXFrameworksBuildPhase;
			buildActionMask = 2147483647;
			files = (
				BFB8EA3E915C980188C2BEE9 /* Pods_WeatherApp_Aston.framework in Frameworks */,
			);
			runOnlyForDeploymentPostprocessing = 0;
		};
/* End PBXFrameworksBuildPhase section */

/* Begin PBXGroup section */
		4F09BFA271E0E7FD352355D3 /* Pods */ = {
			isa = PBXGroup;
			children = (
				0761EEA0DF9EDBDF797E5612 /* Pods-WeatherApp-Aston.debug.xcconfig */,
				54C0EFB966FEA3506A92E777 /* Pods-WeatherApp-Aston.release.xcconfig */,
			);
			path = Pods;
			sourceTree = "<group>";
		};
		C24A02355CA9722AFC5A042C /* Frameworks */ = {
			isa = PBXGroup;
			children = (
				359714E6727D6FE13C04FE37 /* Pods_WeatherApp_Aston.framework */,
			);
			name = Frameworks;
			sourceTree = "<group>";
		};
		F83678302BA6F93A00372C3D = {
			isa = PBXGroup;
			children = (
				F836783B2BA6F93A00372C3D /* WeatherApp-Aston */,
				F836783A2BA6F93A00372C3D /* Products */,
				4F09BFA271E0E7FD352355D3 /* Pods */,
				C24A02355CA9722AFC5A042C /* Frameworks */,
			);
			sourceTree = "<group>";
		};
		F836783A2BA6F93A00372C3D /* Products */ = {
			isa = PBXGroup;
			children = (
				F83678392BA6F93A00372C3D /* WeatherApp-Aston.app */,
			);
			name = Products;
			sourceTree = "<group>";
		};
		F836783B2BA6F93A00372C3D /* WeatherApp-Aston */ = {
			isa = PBXGroup;
			children = (
				F83678512BA6FF7300372C3D /* AppLayer */,
				F83678502BA6FF4C00372C3D /* Supporting+files */,
				F836784A2BA6F93C00372C3D /* Info.plist */,
			);
			path = "WeatherApp-Aston";
			sourceTree = "<group>";
		};
		F83678502BA6FF4C00372C3D /* Supporting+files */ = {
			isa = PBXGroup;
			children = (
				F836783C2BA6F93A00372C3D /* AppDelegate.swift */,
				F836783E2BA6F93A00372C3D /* SceneDelegate.swift */,
				F83678452BA6F93C00372C3D /* Assets.xcassets */,
				F83678472BA6F93C00372C3D /* LaunchScreen.storyboard */,
			);
			path = "Supporting+files";
			sourceTree = "<group>";
		};
		F83678512BA6FF7300372C3D /* AppLayer */ = {
			isa = PBXGroup;
			children = (
				F878CEBD2BAE0B850044F40E /* SearchBar */,
				F83678592BA705F300372C3D /* Extension */,
				F83678522BA6FF8900372C3D /* Sources */,
				F836785C2BA7062300372C3D /* Module */,
				F867D39F2BA84E160006C667 /* Service */,
			);
			path = AppLayer;
			sourceTree = "<group>";
		};
		F83678522BA6FF8900372C3D /* Sources */ = {
			isa = PBXGroup;
			children = (
				F83678532BA6FFA600372C3D /* AppConstants.swift */,
				F83678552BA6FFB900372C3D /* Fonts.swift */,
				F83678572BA6FFDD00372C3D /* Assets.swift */,
			);
			path = Sources;
			sourceTree = "<group>";
		};
		F83678592BA705F300372C3D /* Extension */ = {
			isa = PBXGroup;
			children = (
				F836785A2BA7060600372C3D /* String+extension.swift */,
				F878CEB92BADB7F10044F40E /* Bindable.swift */,
			);
			path = Extension;
			sourceTree = "<group>";
		};
		F836785C2BA7062300372C3D /* Module */ = {
			isa = PBXGroup;
			children = (
				F83717E42BAB6C15006171CC /* Cell */,
				F83717E72BAB74B9006171CC /* Model */,
				F83717E82BAB74E0006171CC /* View */,
				F83717E92BAB74FF006171CC /* ViewModel */,
			);
			path = Module;
			sourceTree = "<group>";
		};
		F83717E42BAB6C15006171CC /* Cell */ = {
			isa = PBXGroup;
			children = (
				F83717E52BAB7047006171CC /* ForecastTableViewCell.swift */,
			);
			path = Cell;
			sourceTree = "<group>";
		};
		F83717E72BAB74B9006171CC /* Model */ = {
			isa = PBXGroup;
			children = (
				F867D3A02BA84E310006C667 /* WeatherResponse.swift */,
				F83717E22BAB01CC006171CC /* ForecastResponse.swift */,
				F878CEBB2BADFB5E0044F40E /* CitiesResponse.swift */,
				F83717EA2BAB7707006171CC /* ForecastTableViewCellModel.swift */,
				F878CEC12BAE0D100044F40E /* CityTableViewCellModel.swift */,
			);
			path = Model;
			sourceTree = "<group>";
		};
		F83717E82BAB74E0006171CC /* View */ = {
			isa = PBXGroup;
			children = (
				F83678402BA6F93A00372C3D /* WeatherViewController.swift */,
				F81DA23F2BA8754B009C4B17 /* WeatherView.swift */,
			);
			path = View;
			sourceTree = "<group>";
		};
		F83717E92BAB74FF006171CC /* ViewModel */ = {
			isa = PBXGroup;
			children = (
				F81DA23D2BA86D42009C4B17 /* WeatherViewModel.swift */,
			);
			path = ViewModel;
			sourceTree = "<group>";
		};
		F867D39F2BA84E160006C667 /* Service */ = {
			isa = PBXGroup;
			children = (
				F836785D2BA72D5500372C3D /* NetworkService.swift */,
				F85461592BAA2F37005220F0 /* LocationService.swift */,
			);
			path = Service;
			sourceTree = "<group>";
		};
		F878CEBD2BAE0B850044F40E /* SearchBar */ = {
			isa = PBXGroup;
			children = (
				F878CEC02BAE0CA40044F40E /* Model */,
				F878CEBE2BAE0BB30044F40E /* SearchTableViewCell.swift */,
			);
			path = SearchBar;
			sourceTree = "<group>";
		};
		F878CEC02BAE0CA40044F40E /* Model */ = {
			isa = PBXGroup;
			children = (
			);
			path = Model;
			sourceTree = "<group>";
		};
/* End PBXGroup section */

/* Begin PBXNativeTarget section */
		F83678382BA6F93A00372C3D /* WeatherApp-Aston */ = {
			isa = PBXNativeTarget;
			buildConfigurationList = F836784D2BA6F93C00372C3D /* Build configuration list for PBXNativeTarget "WeatherApp-Aston" */;
			buildPhases = (
				1A6F8C755E7A680467581180 /* [CP] Check Pods Manifest.lock */,
				F83678352BA6F93A00372C3D /* Sources */,
				F83678362BA6F93A00372C3D /* Frameworks */,
				F83678372BA6F93A00372C3D /* Resources */,
				8236B40362E16C22956378E7 /* [CP] Embed Pods Frameworks */,
			);
			buildRules = (
			);
			dependencies = (
			);
			name = "WeatherApp-Aston";
			productName = "WeatherApp-Aston";
			productReference = F83678392BA6F93A00372C3D /* WeatherApp-Aston.app */;
			productType = "com.apple.product-type.application";
		};
/* End PBXNativeTarget section */

/* Begin PBXProject section */
		F83678312BA6F93A00372C3D /* Project object */ = {
			isa = PBXProject;
			attributes = {
				BuildIndependentTargetsInParallel = 1;
				LastSwiftUpdateCheck = 1530;
				LastUpgradeCheck = 1530;
				TargetAttributes = {
					F83678382BA6F93A00372C3D = {
						CreatedOnToolsVersion = 15.3;
					};
				};
			};
			buildConfigurationList = F83678342BA6F93A00372C3D /* Build configuration list for PBXProject "WeatherApp-Aston" */;
			compatibilityVersion = "Xcode 14.0";
			developmentRegion = en;
			hasScannedForEncodings = 0;
			knownRegions = (
				en,
				Base,
			);
			mainGroup = F83678302BA6F93A00372C3D;
			productRefGroup = F836783A2BA6F93A00372C3D /* Products */;
			projectDirPath = "";
			projectRoot = "";
			targets = (
				F83678382BA6F93A00372C3D /* WeatherApp-Aston */,
			);
		};
/* End PBXProject section */

/* Begin PBXResourcesBuildPhase section */
		F83678372BA6F93A00372C3D /* Resources */ = {
			isa = PBXResourcesBuildPhase;
			buildActionMask = 2147483647;
			files = (
				F83678462BA6F93C00372C3D /* Assets.xcassets in Resources */,
				F83678492BA6F93C00372C3D /* Base in Resources */,
			);
			runOnlyForDeploymentPostprocessing = 0;
		};
/* End PBXResourcesBuildPhase section */

/* Begin PBXShellScriptBuildPhase section */
		1A6F8C755E7A680467581180 /* [CP] Check Pods Manifest.lock */ = {
			isa = PBXShellScriptBuildPhase;
			buildActionMask = 2147483647;
			files = (
			);
			inputFileListPaths = (
			);
			inputPaths = (
				"${PODS_PODFILE_DIR_PATH}/Podfile.lock",
				"${PODS_ROOT}/Manifest.lock",
			);
			name = "[CP] Check Pods Manifest.lock";
			outputFileListPaths = (
			);
			outputPaths = (
				"$(DERIVED_FILE_DIR)/Pods-WeatherApp-Aston-checkManifestLockResult.txt",
			);
			runOnlyForDeploymentPostprocessing = 0;
			shellPath = /bin/sh;
			shellScript = "diff \"${PODS_PODFILE_DIR_PATH}/Podfile.lock\" \"${PODS_ROOT}/Manifest.lock\" > /dev/null\nif [ $? != 0 ] ; then\n    # print error to STDERR\n    echo \"error: The sandbox is not in sync with the Podfile.lock. Run 'pod install' or update your CocoaPods installation.\" >&2\n    exit 1\nfi\n# This output is used by Xcode 'outputs' to avoid re-running this script phase.\necho \"SUCCESS\" > \"${SCRIPT_OUTPUT_FILE_0}\"\n";
			showEnvVarsInLog = 0;
		};
		8236B40362E16C22956378E7 /* [CP] Embed Pods Frameworks */ = {
			isa = PBXShellScriptBuildPhase;
			buildActionMask = 2147483647;
			files = (
			);
			inputFileListPaths = (
				"${PODS_ROOT}/Target Support Files/Pods-WeatherApp-Aston/Pods-WeatherApp-Aston-frameworks-${CONFIGURATION}-input-files.xcfilelist",
			);
			name = "[CP] Embed Pods Frameworks";
			outputFileListPaths = (
				"${PODS_ROOT}/Target Support Files/Pods-WeatherApp-Aston/Pods-WeatherApp-Aston-frameworks-${CONFIGURATION}-output-files.xcfilelist",
			);
			runOnlyForDeploymentPostprocessing = 0;
			shellPath = /bin/sh;
			shellScript = "\"${PODS_ROOT}/Target Support Files/Pods-WeatherApp-Aston/Pods-WeatherApp-Aston-frameworks.sh\"\n";
			showEnvVarsInLog = 0;
		};
/* End PBXShellScriptBuildPhase section */

/* Begin PBXSourcesBuildPhase section */
		F83678352BA6F93A00372C3D /* Sources */ = {
			isa = PBXSourcesBuildPhase;
			buildActionMask = 2147483647;
			files = (
				F81DA2402BA8754B009C4B17 /* WeatherView.swift in Sources */,
				F83678412BA6F93A00372C3D /* WeatherViewController.swift in Sources */,
				F878CEC22BAE0D100044F40E /* CityTableViewCellModel.swift in Sources */,
				F83678562BA6FFB900372C3D /* Fonts.swift in Sources */,
				F878CEBC2BADFB5E0044F40E /* CitiesResponse.swift in Sources */,
				F836785E2BA72D5500372C3D /* NetworkService.swift in Sources */,
				F83717E62BAB7047006171CC /* ForecastTableViewCell.swift in Sources */,
				F83678582BA6FFDD00372C3D /* Assets.swift in Sources */,
				F867D3A12BA84E310006C667 /* WeatherResponse.swift in Sources */,
				F81DA23E2BA86D42009C4B17 /* WeatherViewModel.swift in Sources */,
				F878CEBF2BAE0BB30044F40E /* SearchTableViewCell.swift in Sources */,
				F83717E32BAB01CC006171CC /* ForecastResponse.swift in Sources */,
				F83717EB2BAB7707006171CC /* ForecastTableViewCellModel.swift in Sources */,
				F878CEBA2BADB7F10044F40E /* Bindable.swift in Sources */,
				F836783D2BA6F93A00372C3D /* AppDelegate.swift in Sources */,
				F836783F2BA6F93A00372C3D /* SceneDelegate.swift in Sources */,
				F836785B2BA7060600372C3D /* String+extension.swift in Sources */,
				F854615A2BAA2F38005220F0 /* LocationService.swift in Sources */,
				F83678542BA6FFA600372C3D /* AppConstants.swift in Sources */,
			);
			runOnlyForDeploymentPostprocessing = 0;
		};
/* End PBXSourcesBuildPhase section */

/* Begin PBXVariantGroup section */
		F83678472BA6F93C00372C3D /* LaunchScreen.storyboard */ = {
			isa = PBXVariantGroup;
			children = (
				F83678482BA6F93C00372C3D /* Base */,
			);
			name = LaunchScreen.storyboard;
			sourceTree = "<group>";
		};
/* End PBXVariantGroup section */

/* Begin XCBuildConfiguration section */
		F836784B2BA6F93C00372C3D /* Debug */ = {
			isa = XCBuildConfiguration;
			buildSettings = {
				ALWAYS_SEARCH_USER_PATHS = NO;
				ASSETCATALOG_COMPILER_GENERATE_SWIFT_ASSET_SYMBOL_EXTENSIONS = YES;
				CLANG_ANALYZER_NONNULL = YES;
				CLANG_ANALYZER_NUMBER_OBJECT_CONVERSION = YES_AGGRESSIVE;
				CLANG_CXX_LANGUAGE_STANDARD = "gnu++20";
				CLANG_ENABLE_MODULES = YES;
				CLANG_ENABLE_OBJC_ARC = YES;
				CLANG_ENABLE_OBJC_WEAK = YES;
				CLANG_WARN_BLOCK_CAPTURE_AUTORELEASING = YES;
				CLANG_WARN_BOOL_CONVERSION = YES;
				CLANG_WARN_COMMA = YES;
				CLANG_WARN_CONSTANT_CONVERSION = YES;
				CLANG_WARN_DEPRECATED_OBJC_IMPLEMENTATIONS = YES;
				CLANG_WARN_DIRECT_OBJC_ISA_USAGE = YES_ERROR;
				CLANG_WARN_DOCUMENTATION_COMMENTS = YES;
				CLANG_WARN_EMPTY_BODY = YES;
				CLANG_WARN_ENUM_CONVERSION = YES;
				CLANG_WARN_INFINITE_RECURSION = YES;
				CLANG_WARN_INT_CONVERSION = YES;
				CLANG_WARN_NON_LITERAL_NULL_CONVERSION = YES;
				CLANG_WARN_OBJC_IMPLICIT_RETAIN_SELF = YES;
				CLANG_WARN_OBJC_LITERAL_CONVERSION = YES;
				CLANG_WARN_OBJC_ROOT_CLASS = YES_ERROR;
				CLANG_WARN_QUOTED_INCLUDE_IN_FRAMEWORK_HEADER = YES;
				CLANG_WARN_RANGE_LOOP_ANALYSIS = YES;
				CLANG_WARN_STRICT_PROTOTYPES = YES;
				CLANG_WARN_SUSPICIOUS_MOVE = YES;
				CLANG_WARN_UNGUARDED_AVAILABILITY = YES_AGGRESSIVE;
				CLANG_WARN_UNREACHABLE_CODE = YES;
				CLANG_WARN__DUPLICATE_METHOD_MATCH = YES;
				COPY_PHASE_STRIP = NO;
				DEBUG_INFORMATION_FORMAT = dwarf;
				ENABLE_STRICT_OBJC_MSGSEND = YES;
				ENABLE_TESTABILITY = YES;
				ENABLE_USER_SCRIPT_SANDBOXING = NO;
				GCC_C_LANGUAGE_STANDARD = gnu17;
				GCC_DYNAMIC_NO_PIC = NO;
				GCC_NO_COMMON_BLOCKS = YES;
				GCC_OPTIMIZATION_LEVEL = 0;
				GCC_PREPROCESSOR_DEFINITIONS = (
					"DEBUG=1",
					"$(inherited)",
				);
				GCC_WARN_64_TO_32_BIT_CONVERSION = YES;
				GCC_WARN_ABOUT_RETURN_TYPE = YES_ERROR;
				GCC_WARN_UNDECLARED_SELECTOR = YES;
				GCC_WARN_UNINITIALIZED_AUTOS = YES_AGGRESSIVE;
				GCC_WARN_UNUSED_FUNCTION = YES;
				GCC_WARN_UNUSED_VARIABLE = YES;
				IPHONEOS_DEPLOYMENT_TARGET = 17.4;
				LOCALIZATION_PREFERS_STRING_CATALOGS = YES;
				MTL_ENABLE_DEBUG_INFO = INCLUDE_SOURCE;
				MTL_FAST_MATH = YES;
				ONLY_ACTIVE_ARCH = YES;
				SDKROOT = iphoneos;
				SWIFT_ACTIVE_COMPILATION_CONDITIONS = "DEBUG $(inherited)";
				SWIFT_OPTIMIZATION_LEVEL = "-Onone";
			};
			name = Debug;
		};
		F836784C2BA6F93C00372C3D /* Release */ = {
			isa = XCBuildConfiguration;
			buildSettings = {
				ALWAYS_SEARCH_USER_PATHS = NO;
				ASSETCATALOG_COMPILER_GENERATE_SWIFT_ASSET_SYMBOL_EXTENSIONS = YES;
				CLANG_ANALYZER_NONNULL = YES;
				CLANG_ANALYZER_NUMBER_OBJECT_CONVERSION = YES_AGGRESSIVE;
				CLANG_CXX_LANGUAGE_STANDARD = "gnu++20";
				CLANG_ENABLE_MODULES = YES;
				CLANG_ENABLE_OBJC_ARC = YES;
				CLANG_ENABLE_OBJC_WEAK = YES;
				CLANG_WARN_BLOCK_CAPTURE_AUTORELEASING = YES;
				CLANG_WARN_BOOL_CONVERSION = YES;
				CLANG_WARN_COMMA = YES;
				CLANG_WARN_CONSTANT_CONVERSION = YES;
				CLANG_WARN_DEPRECATED_OBJC_IMPLEMENTATIONS = YES;
				CLANG_WARN_DIRECT_OBJC_ISA_USAGE = YES_ERROR;
				CLANG_WARN_DOCUMENTATION_COMMENTS = YES;
				CLANG_WARN_EMPTY_BODY = YES;
				CLANG_WARN_ENUM_CONVERSION = YES;
				CLANG_WARN_INFINITE_RECURSION = YES;
				CLANG_WARN_INT_CONVERSION = YES;
				CLANG_WARN_NON_LITERAL_NULL_CONVERSION = YES;
				CLANG_WARN_OBJC_IMPLICIT_RETAIN_SELF = YES;
				CLANG_WARN_OBJC_LITERAL_CONVERSION = YES;
				CLANG_WARN_OBJC_ROOT_CLASS = YES_ERROR;
				CLANG_WARN_QUOTED_INCLUDE_IN_FRAMEWORK_HEADER = YES;
				CLANG_WARN_RANGE_LOOP_ANALYSIS = YES;
				CLANG_WARN_STRICT_PROTOTYPES = YES;
				CLANG_WARN_SUSPICIOUS_MOVE = YES;
				CLANG_WARN_UNGUARDED_AVAILABILITY = YES_AGGRESSIVE;
				CLANG_WARN_UNREACHABLE_CODE = YES;
				CLANG_WARN__DUPLICATE_METHOD_MATCH = YES;
				COPY_PHASE_STRIP = NO;
				DEBUG_INFORMATION_FORMAT = "dwarf-with-dsym";
				ENABLE_NS_ASSERTIONS = NO;
				ENABLE_STRICT_OBJC_MSGSEND = YES;
				ENABLE_USER_SCRIPT_SANDBOXING = NO;
				GCC_C_LANGUAGE_STANDARD = gnu17;
				GCC_NO_COMMON_BLOCKS = YES;
				GCC_WARN_64_TO_32_BIT_CONVERSION = YES;
				GCC_WARN_ABOUT_RETURN_TYPE = YES_ERROR;
				GCC_WARN_UNDECLARED_SELECTOR = YES;
				GCC_WARN_UNINITIALIZED_AUTOS = YES_AGGRESSIVE;
				GCC_WARN_UNUSED_FUNCTION = YES;
				GCC_WARN_UNUSED_VARIABLE = YES;
				IPHONEOS_DEPLOYMENT_TARGET = 17.4;
				LOCALIZATION_PREFERS_STRING_CATALOGS = YES;
				MTL_ENABLE_DEBUG_INFO = NO;
				MTL_FAST_MATH = YES;
				SDKROOT = iphoneos;
				SWIFT_COMPILATION_MODE = wholemodule;
				VALIDATE_PRODUCT = YES;
			};
			name = Release;
		};
		F836784E2BA6F93C00372C3D /* Debug */ = {
			isa = XCBuildConfiguration;
			baseConfigurationReference = 0761EEA0DF9EDBDF797E5612 /* Pods-WeatherApp-Aston.debug.xcconfig */;
			buildSettings = {
				ASSETCATALOG_COMPILER_APPICON_NAME = AppIcon;
				ASSETCATALOG_COMPILER_GLOBAL_ACCENT_COLOR_NAME = AccentColor;
				CODE_SIGN_STYLE = Automatic;
				CURRENT_PROJECT_VERSION = 1;
				DEVELOPMENT_TEAM = 338KW5973W;
				GENERATE_INFOPLIST_FILE = YES;
				INFOPLIST_FILE = "WeatherApp-Aston/Info.plist";
				INFOPLIST_KEY_UIApplicationSupportsIndirectInputEvents = YES;
				INFOPLIST_KEY_UILaunchStoryboardName = LaunchScreen;
				INFOPLIST_KEY_UISupportedInterfaceOrientations_iPad = "UIInterfaceOrientationPortrait UIInterfaceOrientationPortraitUpsideDown UIInterfaceOrientationLandscapeLeft UIInterfaceOrientationLandscapeRight";
				INFOPLIST_KEY_UISupportedInterfaceOrientations_iPhone = "UIInterfaceOrientationPortrait UIInterfaceOrientationLandscapeLeft UIInterfaceOrientationLandscapeRight";
				IPHONEOS_DEPLOYMENT_TARGET = 14.0;
				LD_RUNPATH_SEARCH_PATHS = (
					"$(inherited)",
					"@executable_path/Frameworks",
				);
				MARKETING_VERSION = 1.0;
				PRODUCT_BUNDLE_IDENTIFIER = "ru.study.WeatherApp-Aston";
				PRODUCT_NAME = "$(TARGET_NAME)";
				SWIFT_EMIT_LOC_STRINGS = YES;
				SWIFT_VERSION = 5.0;
				TARGETED_DEVICE_FAMILY = "1,2";
			};
			name = Debug;
		};
		F836784F2BA6F93C00372C3D /* Release */ = {
			isa = XCBuildConfiguration;
			baseConfigurationReference = 54C0EFB966FEA3506A92E777 /* Pods-WeatherApp-Aston.release.xcconfig */;
			buildSettings = {
				ASSETCATALOG_COMPILER_APPICON_NAME = AppIcon;
				ASSETCATALOG_COMPILER_GLOBAL_ACCENT_COLOR_NAME = AccentColor;
				CODE_SIGN_STYLE = Automatic;
				CURRENT_PROJECT_VERSION = 1;
				DEVELOPMENT_TEAM = 338KW5973W;
				GENERATE_INFOPLIST_FILE = YES;
				INFOPLIST_FILE = "WeatherApp-Aston/Info.plist";
				INFOPLIST_KEY_UIApplicationSupportsIndirectInputEvents = YES;
				INFOPLIST_KEY_UILaunchStoryboardName = LaunchScreen;
				INFOPLIST_KEY_UISupportedInterfaceOrientations_iPad = "UIInterfaceOrientationPortrait UIInterfaceOrientationPortraitUpsideDown UIInterfaceOrientationLandscapeLeft UIInterfaceOrientationLandscapeRight";
				INFOPLIST_KEY_UISupportedInterfaceOrientations_iPhone = "UIInterfaceOrientationPortrait UIInterfaceOrientationLandscapeLeft UIInterfaceOrientationLandscapeRight";
				IPHONEOS_DEPLOYMENT_TARGET = 14.0;
				LD_RUNPATH_SEARCH_PATHS = (
					"$(inherited)",
					"@executable_path/Frameworks",
				);
				MARKETING_VERSION = 1.0;
				PRODUCT_BUNDLE_IDENTIFIER = "ru.study.WeatherApp-Aston";
				PRODUCT_NAME = "$(TARGET_NAME)";
				SWIFT_EMIT_LOC_STRINGS = YES;
				SWIFT_VERSION = 5.0;
				TARGETED_DEVICE_FAMILY = "1,2";
			};
			name = Release;
		};
/* End XCBuildConfiguration section */

/* Begin XCConfigurationList section */
		F83678342BA6F93A00372C3D /* Build configuration list for PBXProject "WeatherApp-Aston" */ = {
			isa = XCConfigurationList;
			buildConfigurations = (
				F836784B2BA6F93C00372C3D /* Debug */,
				F836784C2BA6F93C00372C3D /* Release */,
			);
			defaultConfigurationIsVisible = 0;
			defaultConfigurationName = Release;
		};
		F836784D2BA6F93C00372C3D /* Build configuration list for PBXNativeTarget "WeatherApp-Aston" */ = {
			isa = XCConfigurationList;
			buildConfigurations = (
				F836784E2BA6F93C00372C3D /* Debug */,
				F836784F2BA6F93C00372C3D /* Release */,
			);
			defaultConfigurationIsVisible = 0;
			defaultConfigurationName = Release;
		};
/* End XCConfigurationList section */
	};
	rootObject = F83678312BA6F93A00372C3D /* Project object */;
}
